Microsoft Visual Studio Solution File, Format Version 12.00
# Visual Studio Version 17
VisualStudioVersion = 17.5.2.0
MinimumVisualStudioVersion = 10.0.40219.1
Project("{FAE04EC0-301F-11D3-BF4B-00C04F79EFBC}") = "api", "api\api.csproj", "{CBFA08EA-AECE-205F-7B85-326FD0B81BAD}"
EndProject
Project("{FAE04EC0-301F-11D3-BF4B-00C04F79EFBC}") = "panel", "panel\panel.csproj", "{7F5AF3A4-A76D-E05D-F72F-BAEFA087E0BD}"
EndProject
Project("{FAE04EC0-301F-11D3-BF4B-00C04F79EFBC}") = "sender", "sender\sender.csproj", "{E221CD39-432D-145E-8BE0-FB2EB59626D6}"
EndProject
Global
	GlobalSection(SolutionConfigurationPlatforms) = preSolution
		Debug|Any CPU = Debug|Any CPU
		Release|Any CPU = Release|Any CPU
	EndGlobalSection
	GlobalSection(ProjectConfigurationPlatforms) = postSolution
		{CBFA08EA-AECE-205F-7B85-326FD0B81BAD}.Debug|Any CPU.ActiveCfg = Debug|Any CPU
		{CBFA08EA-AECE-205F-7B85-326FD0B81BAD}.Debug|Any CPU.Build.0 = Debug|Any CPU
		{CBFA08EA-AECE-205F-7B85-326FD0B81BAD}.Release|Any CPU.ActiveCfg = Release|Any CPU
		{CBFA08EA-AECE-205F-7B85-326FD0B81BAD}.Release|Any CPU.Build.0 = Release|Any CPU
		{7F5AF3A4-A76D-E05D-F72F-BAEFA087E0BD}.Debug|Any CPU.ActiveCfg = Debug|Any CPU
		{7F5AF3A4-A76D-E05D-F72F-BAEFA087E0BD}.Debug|Any CPU.Build.0 = Debug|Any CPU
		{7F5AF3A4-A76D-E05D-F72F-BAEFA087E0BD}.Release|Any CPU.ActiveCfg = Release|Any CPU
		{7F5AF3A4-A76D-E05D-F72F-BAEFA087E0BD}.Release|Any CPU.Build.0 = Release|Any CPU
		{E221CD39-432D-145E-8BE0-FB2EB59626D6}.Debug|Any CPU.ActiveCfg = Debug|Any CPU
		{E221CD39-432D-145E-8BE0-FB2EB59626D6}.Debug|Any CPU.Build.0 = Debug|Any CPU
		{E221CD39-432D-145E-8BE0-FB2EB59626D6}.Release|Any CPU.ActiveCfg = Release|Any CPU
		{E221CD39-432D-145E-8BE0-FB2EB59626D6}.Release|Any CPU.Build.0 = Release|Any CPU
	EndGlobalSection
	GlobalSection(SolutionProperties) = preSolution
		HideSolutionNode = FALSE
	EndGlobalSection
	GlobalSection(ExtensibilityGlobals) = postSolution
		SolutionGuid = {5D4BFE33-6CDD-4BB6-938A-3FBCEDBB4947}
	EndGlobalSection
EndGlobal
